
Microsoft Visual Studio Solution File, Format Version 12.00
# Visual Studio Version 17
VisualStudioVersion = 17.11.35327.3
MinimumVisualStudioVersion = 10.0.40219.1
Project("{FAE04EC0-301F-11D3-BF4B-00C04F79EFBC}") = "Dancer", "Dancer\Dancer.csproj", "{EAC5E208-9BB3-4902-9BAC-1E00393D35B6}"
EndProject
Global
	GlobalSection(SolutionConfigurationPlatforms) = preSolution
		Debug|Any CPU = Debug|Any CPU
		Release|Any CPU = Release|Any CPU
	EndGlobalSection
	GlobalSection(ProjectConfigurationPlatforms) = postSolution
		{EAC5E208-9BB3-4902-9BAC-1E00393D35B6}.Debug|Any CPU.ActiveCfg = Debug|Any CPU
		{EAC5E208-9BB3-4902-9BAC-1E00393D35B6}.Debug|Any CPU.Build.0 = Debug|Any CPU
		{EAC5E208-9BB3-4902-9BAC-1E00393D35B6}.Release|Any CPU.ActiveCfg = Release|Any CPU
		{EAC5E208-9BB3-4902-9BAC-1E00393D35B6}.Release|Any CPU.Build.0 = Release|Any CPU
	EndGlobalSection
	GlobalSection(SolutionProperties) = preSolution
		HideSolutionNode = FALSE
	EndGlobalSection
	GlobalSection(ExtensibilityGlobals) = postSolution
		SolutionGuid = {D075A410-F675-41AF-992E-6782F47E03E8}
	EndGlobalSection
EndGlobal
